{
  "name": "create-your-own-npm-package",
  "version": "1.0.0",
  "lockfileVersion": 3,
  "requires": true,
  "packages": {
    "": {
      "name": "create-your-own-npm-package",
      "version": "1.0.0",
      "license": "ISC",
      "dependencies": {
        "create-your-own-npm-package": "^1.0.0"
      }
    },
    "node_modules/create-your-own-npm-package": {
      "version": "1.0.0",
      "resolved": "https://registry.npmjs.org/create-your-own-npm-package/-/create-your-own-npm-package-1.0.0.tgz",
      "integrity": "sha512-eCKmcZE5tHoJUJrozn0gFehy3z1tAL4yBeNRovEnOOjElJ+zgNF3vNN1qF2LVoP/2663IfjiBbcaG3KJAEM8KQ=="
    }
  }
}
